
Microsoft Visual Studio Solution File, Format Version 12.00
# Visual Studio 15
VisualStudioVersion = 15.0.26124.0
MinimumVisualStudioVersion = 15.0.26124.0
Project("{FAE04EC0-301F-11D3-BF4B-00C04F79EFBC}") = "API", "API\API.csproj", "{3DAC832A-BC66-4829-8282-FA2481EFD46C}"
EndProject
Project("{FAE04EC0-301F-11D3-BF4B-00C04F79EFBC}") = "Application", "Application\Application.csproj", "{8C608B20-4914-4970-8D94-64FC02DB34CF}"
EndProject
Project("{FAE04EC0-301F-11D3-BF4B-00C04F79EFBC}") = "Domain", "Domain\Domain.csproj", "{03A4A45D-5828-451D-9C97-71CB43A16C0D}"
EndProject
Project("{FAE04EC0-301F-11D3-BF4B-00C04F79EFBC}") = "Persistence", "Persistence\Persistence.csproj", "{02EFE9A1-6CDC-413D-AB56-79A26C54BF1A}"
EndProject
Global
	GlobalSection(SolutionConfigurationPlatforms) = preSolution
		Debug|Any CPU = Debug|Any CPU
		Debug|x64 = Debug|x64
		Debug|x86 = Debug|x86
		Release|Any CPU = Release|Any CPU
		Release|x64 = Release|x64
		Release|x86 = Release|x86
	EndGlobalSection
	GlobalSection(SolutionProperties) = preSolution
		HideSolutionNode = FALSE
	EndGlobalSection
	GlobalSection(ProjectConfigurationPlatforms) = postSolution
		{3DAC832A-BC66-4829-8282-FA2481EFD46C}.Debug|Any CPU.ActiveCfg = Debug|Any CPU
		{3DAC832A-BC66-4829-8282-FA2481EFD46C}.Debug|Any CPU.Build.0 = Debug|Any CPU
		{3DAC832A-BC66-4829-8282-FA2481EFD46C}.Debug|x64.ActiveCfg = Debug|Any CPU
		{3DAC832A-BC66-4829-8282-FA2481EFD46C}.Debug|x64.Build.0 = Debug|Any CPU
		{3DAC832A-BC66-4829-8282-FA2481EFD46C}.Debug|x86.ActiveCfg = Debug|Any CPU
		{3DAC832A-BC66-4829-8282-FA2481EFD46C}.Debug|x86.Build.0 = Debug|Any CPU
		{3DAC832A-BC66-4829-8282-FA2481EFD46C}.Release|Any CPU.ActiveCfg = Release|Any CPU
		{3DAC832A-BC66-4829-8282-FA2481EFD46C}.Release|Any CPU.Build.0 = Release|Any CPU
		{3DAC832A-BC66-4829-8282-FA2481EFD46C}.Release|x64.ActiveCfg = Release|Any CPU
		{3DAC832A-BC66-4829-8282-FA2481EFD46C}.Release|x64.Build.0 = Release|Any CPU
		{3DAC832A-BC66-4829-8282-FA2481EFD46C}.Release|x86.ActiveCfg = Release|Any CPU
		{3DAC832A-BC66-4829-8282-FA2481EFD46C}.Release|x86.Build.0 = Release|Any CPU
		{8C608B20-4914-4970-8D94-64FC02DB34CF}.Debug|Any CPU.ActiveCfg = Debug|Any CPU
		{8C608B20-4914-4970-8D94-64FC02DB34CF}.Debug|Any CPU.Build.0 = Debug|Any CPU
		{8C608B20-4914-4970-8D94-64FC02DB34CF}.Debug|x64.ActiveCfg = Debug|Any CPU
		{8C608B20-4914-4970-8D94-64FC02DB34CF}.Debug|x64.Build.0 = Debug|Any CPU
		{8C608B20-4914-4970-8D94-64FC02DB34CF}.Debug|x86.ActiveCfg = Debug|Any CPU
		{8C608B20-4914-4970-8D94-64FC02DB34CF}.Debug|x86.Build.0 = Debug|Any CPU
		{8C608B20-4914-4970-8D94-64FC02DB34CF}.Release|Any CPU.ActiveCfg = Release|Any CPU
		{8C608B20-4914-4970-8D94-64FC02DB34CF}.Release|Any CPU.Build.0 = Release|Any CPU
		{8C608B20-4914-4970-8D94-64FC02DB34CF}.Release|x64.ActiveCfg = Release|Any CPU
		{8C608B20-4914-4970-8D94-64FC02DB34CF}.Release|x64.Build.0 = Release|Any CPU
		{8C608B20-4914-4970-8D94-64FC02DB34CF}.Release|x86.ActiveCfg = Release|Any CPU
		{8C608B20-4914-4970-8D94-64FC02DB34CF}.Release|x86.Build.0 = Release|Any CPU
		{03A4A45D-5828-451D-9C97-71CB43A16C0D}.Debug|Any CPU.ActiveCfg = Debug|Any CPU
		{03A4A45D-5828-451D-9C97-71CB43A16C0D}.Debug|Any CPU.Build.0 = Debug|Any CPU
		{03A4A45D-5828-451D-9C97-71CB43A16C0D}.Debug|x64.ActiveCfg = Debug|Any CPU
		{03A4A45D-5828-451D-9C97-71CB43A16C0D}.Debug|x64.Build.0 = Debug|Any CPU
		{03A4A45D-5828-451D-9C97-71CB43A16C0D}.Debug|x86.ActiveCfg = Debug|Any CPU
		{03A4A45D-5828-451D-9C97-71CB43A16C0D}.Debug|x86.Build.0 = Debug|Any CPU
		{03A4A45D-5828-451D-9C97-71CB43A16C0D}.Release|Any CPU.ActiveCfg = Release|Any CPU
		{03A4A45D-5828-451D-9C97-71CB43A16C0D}.Release|Any CPU.Build.0 = Release|Any CPU
		{03A4A45D-5828-451D-9C97-71CB43A16C0D}.Release|x64.ActiveCfg = Release|Any CPU
		{03A4A45D-5828-451D-9C97-71CB43A16C0D}.Release|x64.Build.0 = Release|Any CPU
		{03A4A45D-5828-451D-9C97-71CB43A16C0D}.Release|x86.ActiveCfg = Release|Any CPU
		{03A4A45D-5828-451D-9C97-71CB43A16C0D}.Release|x86.Build.0 = Release|Any CPU
		{02EFE9A1-6CDC-413D-AB56-79A26C54BF1A}.Debug|Any CPU.ActiveCfg = Debug|Any CPU
		{02EFE9A1-6CDC-413D-AB56-79A26C54BF1A}.Debug|Any CPU.Build.0 = Debug|Any CPU
		{02EFE9A1-6CDC-413D-AB56-79A26C54BF1A}.Debug|x64.ActiveCfg = Debug|Any CPU
		{02EFE9A1-6CDC-413D-AB56-79A26C54BF1A}.Debug|x64.Build.0 = Debug|Any CPU
		{02EFE9A1-6CDC-413D-AB56-79A26C54BF1A}.Debug|x86.ActiveCfg = Debug|Any CPU
		{02EFE9A1-6CDC-413D-AB56-79A26C54BF1A}.Debug|x86.Build.0 = Debug|Any CPU
		{02EFE9A1-6CDC-413D-AB56-79A26C54BF1A}.Release|Any CPU.ActiveCfg = Release|Any CPU
		{02EFE9A1-6CDC-413D-AB56-79A26C54BF1A}.Release|Any CPU.Build.0 = Release|Any CPU
		{02EFE9A1-6CDC-413D-AB56-79A26C54BF1A}.Release|x64.ActiveCfg = Release|Any CPU
		{02EFE9A1-6CDC-413D-AB56-79A26C54BF1A}.Release|x64.Build.0 = Release|Any CPU
		{02EFE9A1-6CDC-413D-AB56-79A26C54BF1A}.Release|x86.ActiveCfg = Release|Any CPU
		{02EFE9A1-6CDC-413D-AB56-79A26C54BF1A}.Release|x86.Build.0 = Release|Any CPU
	EndGlobalSection
EndGlobal
